
Microsoft Visual Studio Solution File, Format Version 12.00
# Visual Studio Version 17
VisualStudioVersion = 17.9.34728.123
MinimumVisualStudioVersion = 10.0.40219.1
Project("{FAE04EC0-301F-11D3-BF4B-00C04F79EFBC}") = "AppDocker", "AppDocker\AppDocker.csproj", "{5927F7FF-5A08-4E67-B3AA-7A184A937CCA}"
EndProject
Global
	GlobalSection(SolutionConfigurationPlatforms) = preSolution
		Debug|Any CPU = Debug|Any CPU
		Release|Any CPU = Release|Any CPU
	EndGlobalSection
	GlobalSection(ProjectConfigurationPlatforms) = postSolution
		{5927F7FF-5A08-4E67-B3AA-7A184A937CCA}.Debug|Any CPU.ActiveCfg = Debug|Any CPU
		{5927F7FF-5A08-4E67-B3AA-7A184A937CCA}.Debug|Any CPU.Build.0 = Debug|Any CPU
		{5927F7FF-5A08-4E67-B3AA-7A184A937CCA}.Release|Any CPU.ActiveCfg = Release|Any CPU
		{5927F7FF-5A08-4E67-B3AA-7A184A937CCA}.Release|Any CPU.Build.0 = Release|Any CPU
	EndGlobalSection
	GlobalSection(SolutionProperties) = preSolution
		HideSolutionNode = FALSE
	EndGlobalSection
	GlobalSection(ExtensibilityGlobals) = postSolution
		SolutionGuid = {3F25ACA2-A6D0-4C0D-9806-A3FDD662645B}
	EndGlobalSection
EndGlobal
